
Microsoft Visual Studio Solution File, Format Version 12.00
# Visual Studio Version 16
VisualStudioVersion = 16.0.33214.272
MinimumVisualStudioVersion = 10.0.40219.1
Project("{8BC9CEB8-8B4A-11D0-8D11-00A0C91BC942}") = "extctrl", "extctrl\extctrl.vcxproj", "{C65AC2E5-1CF5-4CD5-87CE-C54440E131DA}"
EndProject
Project("{8BC9CEB8-8B4A-11D0-8D11-00A0C91BC942}") = "jsvodplayer", "jsvodplayer\jsvodplayer.vcxproj", "{C4252F40-FBA1-4074-9080-2A6EBEF58964}"
EndProject
Global
	GlobalSection(SolutionConfigurationPlatforms) = preSolution
		Debug|x86 = Debug|x86
		Release|x86 = Release|x86
	EndGlobalSection
	GlobalSection(ProjectConfigurationPlatforms) = postSolution
		{C65AC2E5-1CF5-4CD5-87CE-C54440E131DA}.Debug|x86.ActiveCfg = Debug|Win32
		{C65AC2E5-1CF5-4CD5-87CE-C54440E131DA}.Debug|x86.Build.0 = Debug|Win32
		{C65AC2E5-1CF5-4CD5-87CE-C54440E131DA}.Release|x86.ActiveCfg = Release|Win32
		{C65AC2E5-1CF5-4CD5-87CE-C54440E131DA}.Release|x86.Build.0 = Release|Win32
		{C4252F40-FBA1-4074-9080-2A6EBEF58964}.Debug|x86.ActiveCfg = Debug|Win32
		{C4252F40-FBA1-4074-9080-2A6EBEF58964}.Debug|x86.Build.0 = Debug|Win32
		{C4252F40-FBA1-4074-9080-2A6EBEF58964}.Release|x86.ActiveCfg = Release|Win32
		{C4252F40-FBA1-4074-9080-2A6EBEF58964}.Release|x86.Build.0 = Release|Win32
	EndGlobalSection
	GlobalSection(SolutionProperties) = preSolution
		HideSolutionNode = FALSE
	EndGlobalSection
	GlobalSection(ExtensibilityGlobals) = postSolution
		SolutionGuid = {9A1C4DD4-9CA3-441B-B63E-27FA92A04E0B}
	EndGlobalSection
EndGlobal
